// !$*UTF8*$!
{
	archiveVersion = 1;
	classes = {
	};
	objectVersion = 51;
	objects = {

/* Begin PBXBuildFile section */
		0AD89C16B760AD1748B3168E /* Pods_PGHJapp.framework in Frameworks */ = {isa = PBXBuildFile; fileRef = 182855DD60E852F986B95628 /* Pods_PGHJapp.framework */; };
		0B40DF0F73123A1BA42D23C2 /* Pods_PGHJapp_PGHJappUITests.framework in Frameworks */ = {isa = PBXBuildFile; fileRef = F15BA8D7EC04512864D605F5 /* Pods_PGHJapp_PGHJappUITests.framework */; };
		762DCB4327505F2D00C1D53E /* MyPageViewController.swift in Sources */ = {isa = PBXBuildFile; fileRef = 762DCB4227505F2C00C1D53E /* MyPageViewController.swift */; };
		763EFB6327118D130071C22D /* LectureViewController.swift in Sources */ = {isa = PBXBuildFile; fileRef = 763EFB6227118D130071C22D /* LectureViewController.swift */; };
		763EFB652711A03F0071C22D /* SendDataDelegate.swift in Sources */ = {isa = PBXBuildFile; fileRef = 763EFB642711A03F0071C22D /* SendDataDelegate.swift */; };
		763EFB672711AA560071C22D /* MaterialInfo.swift in Sources */ = {isa = PBXBuildFile; fileRef = 763EFB662711AA560071C22D /* MaterialInfo.swift */; };
		764F6B8D273CD8A3004E81AE /* Material.swift in Sources */ = {isa = PBXBuildFile; fileRef = 764F6B8C273CD8A3004E81AE /* Material.swift */; };
		764F6B8F273CD8EF004E81AE /* Font.swift in Sources */ = {isa = PBXBuildFile; fileRef = 764F6B8E273CD8EF004E81AE /* Font.swift */; };
		764F6B91273CD917004E81AE /* Sentence.swift in Sources */ = {isa = PBXBuildFile; fileRef = 764F6B90273CD917004E81AE /* Sentence.swift */; };
		764F6B93273CD937004E81AE /* Item.swift in Sources */ = {isa = PBXBuildFile; fileRef = 764F6B92273CD937004E81AE /* Item.swift */; };
		764F6B95273CD955004E81AE /* Lecture.swift in Sources */ = {isa = PBXBuildFile; fileRef = 764F6B94273CD955004E81AE /* Lecture.swift */; };
		764F6B97273CD984004E81AE /* Coordinate.swift in Sources */ = {isa = PBXBuildFile; fileRef = 764F6B96273CD984004E81AE /* Coordinate.swift */; };
		764F6B99273CD99F004E81AE /* Size.swift in Sources */ = {isa = PBXBuildFile; fileRef = 764F6B98273CD99F004E81AE /* Size.swift */; };
		764F6B9B273CDA72004E81AE /* Text.swift in Sources */ = {isa = PBXBuildFile; fileRef = 764F6B9A273CDA72004E81AE /* Text.swift */; };
		764F6B9D273CDA8E004E81AE /* Image.swift in Sources */ = {isa = PBXBuildFile; fileRef = 764F6B9C273CDA8E004E81AE /* Image.swift */; };
		7688946726F4216900B204C9 /* APIRouter.swift in Sources */ = {isa = PBXBuildFile; fileRef = 7688946626F4216900B204C9 /* APIRouter.swift */; };
		7688946926F429C900B204C9 /* APIClient.swift in Sources */ = {isa = PBXBuildFile; fileRef = 7688946826F429C900B204C9 /* APIClient.swift */; };
		769603BB274F548200B41F27 /* InitialViewController.swift in Sources */ = {isa = PBXBuildFile; fileRef = 769603BA274F548200B41F27 /* InitialViewController.swift */; };
		769603BD274F6AE300B41F27 /* SigninSuccessViewController.swift in Sources */ = {isa = PBXBuildFile; fileRef = 769603BC274F6AE300B41F27 /* SigninSuccessViewController.swift */; };
		769B912F2714AE8A0027DDE4 /* FontViewController.swift in Sources */ = {isa = PBXBuildFile; fileRef = 769B912E2714AE8A0027DDE4 /* FontViewController.swift */; };
		769CA1862713E7A0001D79E4 /* LoadingViewController.swift in Sources */ = {isa = PBXBuildFile; fileRef = 769CA1852713E7A0001D79E4 /* LoadingViewController.swift */; };
		769CA1882713EF3B001D79E4 /* LanguageType.swift in Sources */ = {isa = PBXBuildFile; fileRef = 769CA1872713EF3B001D79E4 /* LanguageType.swift */; };
		76A2CA3D270AEE8C00C882FA /* DownloadViewController.swift in Sources */ = {isa = PBXBuildFile; fileRef = 76A2CA3C270AEE8C00C882FA /* DownloadViewController.swift */; };
		76A2CA3F270B10E900C882FA /* SignupViewController.swift in Sources */ = {isa = PBXBuildFile; fileRef = 76A2CA3E270B10E900C882FA /* SignupViewController.swift */; };
		76A43AC627012B660064072D /* EditViewController.swift in Sources */ = {isa = PBXBuildFile; fileRef = 76A43AC527012B660064072D /* EditViewController.swift */; };
		76A43AC92701FF3E0064072D /* LectureData.swift in Sources */ = {isa = PBXBuildFile; fileRef = 76A43AC82701FF3E0064072D /* LectureData.swift */; };
		76A6E148270FCC9300FC5080 /* uploadData.swift in Sources */ = {isa = PBXBuildFile; fileRef = 76A6E147270FCC9300FC5080 /* uploadData.swift */; };
		76AD3EF12751FFFE001DBAC0 /* RefreshToken.swift in Sources */ = {isa = PBXBuildFile; fileRef = 76AD3EF02751FFFE001DBAC0 /* RefreshToken.swift */; };
		76AD3EF327520174001DBAC0 /* History.swift in Sources */ = {isa = PBXBuildFile; fileRef = 76AD3EF227520174001DBAC0 /* History.swift */; };
		76AD3EF527520721001DBAC0 /* HistoryViewController.swift in Sources */ = {isa = PBXBuildFile; fileRef = 76AD3EF427520721001DBAC0 /* HistoryViewController.swift */; };
		76AD3EF7275219AC001DBAC0 /* UIImageViewExtension.swift in Sources */ = {isa = PBXBuildFile; fileRef = 76AD3EF6275219AC001DBAC0 /* UIImageViewExtension.swift */; };
		76B5D3AC27141D090010210E /* ImageButton.swift in Sources */ = {isa = PBXBuildFile; fileRef = 76B5D3AB27141D090010210E /* ImageButton.swift */; };
		76B5D3AE27141D620010210E /* TemplateViewController.swift in Sources */ = {isa = PBXBuildFile; fileRef = 76B5D3AD27141D620010210E /* TemplateViewController.swift */; };
		76BE1D7D274F250400E38C5B /* UITextFieldExtension.swift in Sources */ = {isa = PBXBuildFile; fileRef = 76BE1D7C274F250400E38C5B /* UITextFieldExtension.swift */; };
		76BE1D7F274F2F2D00E38C5B /* NetworkManager.swift in Sources */ = {isa = PBXBuildFile; fileRef = 76BE1D7E274F2F2D00E38C5B /* NetworkManager.swift */; };
		76C8359A270A055600BC5733 /* SignupForm.swift in Sources */ = {isa = PBXBuildFile; fileRef = 76C83599270A055600BC5733 /* SignupForm.swift */; };
		76C8359D270A66E500BC5733 /* Token.swift in Sources */ = {isa = PBXBuildFile; fileRef = 76C8359C270A66E500BC5733 /* Token.swift */; };
		76E4098F26FAF8A3006A807F /* SigninViewController.swift in Sources */ = {isa = PBXBuildFile; fileRef = 76E4098E26FAF8A3006A807F /* SigninViewController.swift */; };
		76E4099326FB0027006A807F /* SigninForm.swift in Sources */ = {isa = PBXBuildFile; fileRef = 76E4099226FB0027006A807F /* SigninForm.swift */; };
		76E4099A26FB9DE5006A807F /* APIConstants.swift in Sources */ = {isa = PBXBuildFile; fileRef = 76E4099926FB9DE5006A807F /* APIConstants.swift */; };
		76F4180926F1C51200D677D6 /* AppDelegate.swift in Sources */ = {isa = PBXBuildFile; fileRef = 76F4180826F1C51200D677D6 /* AppDelegate.swift */; };
		76F4180B26F1C51200D677D6 /* SceneDelegate.swift in Sources */ = {isa = PBXBuildFile; fileRef = 76F4180A26F1C51200D677D6 /* SceneDelegate.swift */; };
		76F4180D26F1C51200D677D6 /* HomeViewController.swift in Sources */ = {isa = PBXBuildFile; fileRef = 76F4180C26F1C51200D677D6 /* HomeViewController.swift */; };
		76F4181026F1C51200D677D6 /* Main.storyboard in Resources */ = {isa = PBXBuildFile; fileRef = 76F4180E26F1C51200D677D6 /* Main.storyboard */; };
		76F4181226F1C51200D677D6 /* Assets.xcassets in Resources */ = {isa = PBXBuildFile; fileRef = 76F4181126F1C51200D677D6 /* Assets.xcassets */; };
		76F4181526F1C51200D677D6 /* LaunchScreen.storyboard in Resources */ = {isa = PBXBuildFile; fileRef = 76F4181326F1C51200D677D6 /* LaunchScreen.storyboard */; };
		76F4182026F1C51300D677D6 /* PGHJappTests.swift in Sources */ = {isa = PBXBuildFile; fileRef = 76F4181F26F1C51300D677D6 /* PGHJappTests.swift */; };
		76F4182B26F1C51300D677D6 /* PGHJappUITests.swift in Sources */ = {isa = PBXBuildFile; fileRef = 76F4182A26F1C51300D677D6 /* PGHJappUITests.swift */; };
		DD7993E1299D8768B49819ED /* Pods_PGHJappTests.framework in Frameworks */ = {isa = PBXBuildFile; fileRef = 4469EC1A1C224F6E4DFD6EEF /* Pods_PGHJappTests.framework */; };
/* End PBXBuildFile section */

/* Begin PBXContainerItemProxy section */
		76F4181C26F1C51300D677D6 /* PBXContainerItemProxy */ = {
			isa = PBXContainerItemProxy;
			containerPortal = 76F417FD26F1C51100D677D6 /* Project object */;
			proxyType = 1;
			remoteGlobalIDString = 76F4180426F1C51100D677D6;
			remoteInfo = PGHJapp;
		};
		76F4182726F1C51300D677D6 /* PBXContainerItemProxy */ = {
			isa = PBXContainerItemProxy;
			containerPortal = 76F417FD26F1C51100D677D6 /* Project object */;
			proxyType = 1;
			remoteGlobalIDString = 76F4180426F1C51100D677D6;
			remoteInfo = PGHJapp;
		};
/* End PBXContainerItemProxy section */

/* Begin PBXFileReference section */
		182855DD60E852F986B95628 /* Pods_PGHJapp.framework */ = {isa = PBXFileReference; explicitFileType = wrapper.framework; includeInIndex = 0; path = Pods_PGHJapp.framework; sourceTree = BUILT_PRODUCTS_DIR; };
		3DB16B5B9E34244017FF418E /* Pods-PGHJapp-PGHJappUITests.debug.xcconfig */ = {isa = PBXFileReference; includeInIndex = 1; lastKnownFileType = text.xcconfig; name = "Pods-PGHJapp-PGHJappUITests.debug.xcconfig"; path = "Target Support Files/Pods-PGHJapp-PGHJappUITests/Pods-PGHJapp-PGHJappUITests.debug.xcconfig"; sourceTree = "<group>"; };
		4469EC1A1C224F6E4DFD6EEF /* Pods_PGHJappTests.framework */ = {isa = PBXFileReference; explicitFileType = wrapper.framework; includeInIndex = 0; path = Pods_PGHJappTests.framework; sourceTree = BUILT_PRODUCTS_DIR; };
		762DCB4227505F2C00C1D53E /* MyPageViewController.swift */ = {isa = PBXFileReference; lastKnownFileType = sourcecode.swift; path = MyPageViewController.swift; sourceTree = "<group>"; };
		763EFB6227118D130071C22D /* LectureViewController.swift */ = {isa = PBXFileReference; lastKnownFileType = sourcecode.swift; path = LectureViewController.swift; sourceTree = "<group>"; };
		763EFB642711A03F0071C22D /* SendDataDelegate.swift */ = {isa = PBXFileReference; lastKnownFileType = sourcecode.swift; path = SendDataDelegate.swift; sourceTree = "<group>"; };
		763EFB662711AA560071C22D /* MaterialInfo.swift */ = {isa = PBXFileReference; lastKnownFileType = sourcecode.swift; path = MaterialInfo.swift; sourceTree = "<group>"; };
		764F6B8C273CD8A3004E81AE /* Material.swift */ = {isa = PBXFileReference; lastKnownFileType = sourcecode.swift; path = Material.swift; sourceTree = "<group>"; };
		764F6B8E273CD8EF004E81AE /* Font.swift */ = {isa = PBXFileReference; lastKnownFileType = sourcecode.swift; path = Font.swift; sourceTree = "<group>"; };
		764F6B90273CD917004E81AE /* Sentence.swift */ = {isa = PBXFileReference; lastKnownFileType = sourcecode.swift; path = Sentence.swift; sourceTree = "<group>"; };
		764F6B92273CD937004E81AE /* Item.swift */ = {isa = PBXFileReference; lastKnownFileType = sourcecode.swift; path = Item.swift; sourceTree = "<group>"; };
		764F6B94273CD955004E81AE /* Lecture.swift */ = {isa = PBXFileReference; lastKnownFileType = sourcecode.swift; path = Lecture.swift; sourceTree = "<group>"; };
		764F6B96273CD984004E81AE /* Coordinate.swift */ = {isa = PBXFileReference; lastKnownFileType = sourcecode.swift; path = Coordinate.swift; sourceTree = "<group>"; };
		764F6B98273CD99F004E81AE /* Size.swift */ = {isa = PBXFileReference; lastKnownFileType = sourcecode.swift; path = Size.swift; sourceTree = "<group>"; };
		764F6B9A273CDA72004E81AE /* Text.swift */ = {isa = PBXFileReference; lastKnownFileType = sourcecode.swift; path = Text.swift; sourceTree = "<group>"; };
		764F6B9C273CDA8E004E81AE /* Image.swift */ = {isa = PBXFileReference; lastKnownFileType = sourcecode.swift; path = Image.swift; sourceTree = "<group>"; };
		7688946626F4216900B204C9 /* APIRouter.swift */ = {isa = PBXFileReference; lastKnownFileType = sourcecode.swift; path = APIRouter.swift; sourceTree = "<group>"; };
		7688946826F429C900B204C9 /* APIClient.swift */ = {isa = PBXFileReference; lastKnownFileType = sourcecode.swift; path = APIClient.swift; sourceTree = "<group>"; };
		769603BA274F548200B41F27 /* InitialViewController.swift */ = {isa = PBXFileReference; lastKnownFileType = sourcecode.swift; path = InitialViewController.swift; sourceTree = "<group>"; };
		769603BC274F6AE300B41F27 /* SigninSuccessViewController.swift */ = {isa = PBXFileReference; lastKnownFileType = sourcecode.swift; path = SigninSuccessViewController.swift; sourceTree = "<group>"; };
		769B912E2714AE8A0027DDE4 /* FontViewController.swift */ = {isa = PBXFileReference; lastKnownFileType = sourcecode.swift; path = FontViewController.swift; sourceTree = "<group>"; };
		769CA1852713E7A0001D79E4 /* LoadingViewController.swift */ = {isa = PBXFileReference; lastKnownFileType = sourcecode.swift; path = LoadingViewController.swift; sourceTree = "<group>"; };
		769CA1872713EF3B001D79E4 /* LanguageType.swift */ = {isa = PBXFileReference; lastKnownFileType = sourcecode.swift; path = LanguageType.swift; sourceTree = "<group>"; };
		76A2CA3C270AEE8C00C882FA /* DownloadViewController.swift */ = {isa = PBXFileReference; lastKnownFileType = sourcecode.swift; path = DownloadViewController.swift; sourceTree = "<group>"; };
		76A2CA3E270B10E900C882FA /* SignupViewController.swift */ = {isa = PBXFileReference; lastKnownFileType = sourcecode.swift; path = SignupViewController.swift; sourceTree = "<group>"; };
		76A43AC527012B660064072D /* EditViewController.swift */ = {isa = PBXFileReference; lastKnownFileType = sourcecode.swift; path = EditViewController.swift; sourceTree = "<group>"; };
		76A43AC82701FF3E0064072D /* LectureData.swift */ = {isa = PBXFileReference; lastKnownFileType = sourcecode.swift; path = LectureData.swift; sourceTree = "<group>"; };
		76A6E147270FCC9300FC5080 /* uploadData.swift */ = {isa = PBXFileReference; lastKnownFileType = sourcecode.swift; path = uploadData.swift; sourceTree = "<group>"; };
		76AD3EF02751FFFE001DBAC0 /* RefreshToken.swift */ = {isa = PBXFileReference; lastKnownFileType = sourcecode.swift; path = RefreshToken.swift; sourceTree = "<group>"; };
		76AD3EF227520174001DBAC0 /* History.swift */ = {isa = PBXFileReference; lastKnownFileType = sourcecode.swift; path = History.swift; sourceTree = "<group>"; };
		76AD3EF427520721001DBAC0 /* HistoryViewController.swift */ = {isa = PBXFileReference; lastKnownFileType = sourcecode.swift; path = HistoryViewController.swift; sourceTree = "<group>"; };
		76AD3EF6275219AC001DBAC0 /* UIImageViewExtension.swift */ = {isa = PBXFileReference; lastKnownFileType = sourcecode.swift; path = UIImageViewExtension.swift; sourceTree = "<group>"; };
		76B5D3AB27141D090010210E /* ImageButton.swift */ = {isa = PBXFileReference; lastKnownFileType = sourcecode.swift; path = ImageButton.swift; sourceTree = "<group>"; };
		76B5D3AD27141D620010210E /* TemplateViewController.swift */ = {isa = PBXFileReference; lastKnownFileType = sourcecode.swift; path = TemplateViewController.swift; sourceTree = "<group>"; };
		76BE1D7C274F250400E38C5B /* UITextFieldExtension.swift */ = {isa = PBXFileReference; lastKnownFileType = sourcecode.swift; path = UITextFieldExtension.swift; sourceTree = "<group>"; };
		76BE1D7E274F2F2D00E38C5B /* NetworkManager.swift */ = {isa = PBXFileReference; lastKnownFileType = sourcecode.swift; path = NetworkManager.swift; sourceTree = "<group>"; };
		76C83599270A055600BC5733 /* SignupForm.swift */ = {isa = PBXFileReference; lastKnownFileType = sourcecode.swift; path = SignupForm.swift; sourceTree = "<group>"; };
		76C8359C270A66E500BC5733 /* Token.swift */ = {isa = PBXFileReference; lastKnownFileType = sourcecode.swift; path = Token.swift; sourceTree = "<group>"; };
		76E4098E26FAF8A3006A807F /* SigninViewController.swift */ = {isa = PBXFileReference; lastKnownFileType = sourcecode.swift; path = SigninViewController.swift; sourceTree = "<group>"; };
		76E4099226FB0027006A807F /* SigninForm.swift */ = {isa = PBXFileReference; lastKnownFileType = sourcecode.swift; path = SigninForm.swift; sourceTree = "<group>"; };
		76E4099926FB9DE5006A807F /* APIConstants.swift */ = {isa = PBXFileReference; lastKnownFileType = sourcecode.swift; path = APIConstants.swift; sourceTree = "<group>"; };
		76F4180526F1C51200D677D6 /* PGHJapp.app */ = {isa = PBXFileReference; explicitFileType = wrapper.application; includeInIndex = 0; path = PGHJapp.app; sourceTree = BUILT_PRODUCTS_DIR; };
		76F4180826F1C51200D677D6 /* AppDelegate.swift */ = {isa = PBXFileReference; lastKnownFileType = sourcecode.swift; path = AppDelegate.swift; sourceTree = "<group>"; };
		76F4180A26F1C51200D677D6 /* SceneDelegate.swift */ = {isa = PBXFileReference; lastKnownFileType = sourcecode.swift; path = SceneDelegate.swift; sourceTree = "<group>"; };
		76F4180C26F1C51200D677D6 /* HomeViewController.swift */ = {isa = PBXFileReference; lastKnownFileType = sourcecode.swift; path = HomeViewController.swift; sourceTree = "<group>"; };
		76F4180F26F1C51200D677D6 /* Base */ = {isa = PBXFileReference; lastKnownFileType = file.storyboard; name = Base; path = Base.lproj/Main.storyboard; sourceTree = "<group>"; };
		76F4181126F1C51200D677D6 /* Assets.xcassets */ = {isa = PBXFileReference; lastKnownFileType = folder.assetcatalog; path = Assets.xcassets; sourceTree = "<group>"; };
		76F4181426F1C51200D677D6 /* Base */ = {isa = PBXFileReference; lastKnownFileType = file.storyboard; name = Base; path = Base.lproj/LaunchScreen.storyboard; sourceTree = "<group>"; };
		76F4181626F1C51200D677D6 /* Info.plist */ = {isa = PBXFileReference; lastKnownFileType = text.plist.xml; path = Info.plist; sourceTree = "<group>"; };
		76F4181B26F1C51300D677D6 /* PGHJappTests.xctest */ = {isa = PBXFileReference; explicitFileType = wrapper.cfbundle; includeInIndex = 0; path = PGHJappTests.xctest; sourceTree = BUILT_PRODUCTS_DIR; };
		76F4181F26F1C51300D677D6 /* PGHJappTests.swift */ = {isa = PBXFileReference; lastKnownFileType = sourcecode.swift; path = PGHJappTests.swift; sourceTree = "<group>"; };
		76F4182126F1C51300D677D6 /* Info.plist */ = {isa = PBXFileReference; lastKnownFileType = text.plist.xml; path = Info.plist; sourceTree = "<group>"; };
		76F4182626F1C51300D677D6 /* PGHJappUITests.xctest */ = {isa = PBXFileReference; explicitFileType = wrapper.cfbundle; includeInIndex = 0; path = PGHJappUITests.xctest; sourceTree = BUILT_PRODUCTS_DIR; };
		76F4182A26F1C51300D677D6 /* PGHJappUITests.swift */ = {isa = PBXFileReference; lastKnownFileType = sourcecode.swift; path = PGHJappUITests.swift; sourceTree = "<group>"; };
		76F4182C26F1C51300D677D6 /* Info.plist */ = {isa = PBXFileReference; lastKnownFileType = text.plist.xml; path = Info.plist; sourceTree = "<group>"; };
		785F3C9AA30242E33DE48DEA /* Pods-PGHJappTests.debug.xcconfig */ = {isa = PBXFileReference; includeInIndex = 1; lastKnownFileType = text.xcconfig; name = "Pods-PGHJappTests.debug.xcconfig"; path = "Target Support Files/Pods-PGHJappTests/Pods-PGHJappTests.debug.xcconfig"; sourceTree = "<group>"; };
		B09CE0F27BE8B730E3D85581 /* Pods-PGHJapp.release.xcconfig */ = {isa = PBXFileReference; includeInIndex = 1; lastKnownFileType = text.xcconfig; name = "Pods-PGHJapp.release.xcconfig"; path = "Target Support Files/Pods-PGHJapp/Pods-PGHJapp.release.xcconfig"; sourceTree = "<group>"; };
		BB031D85220C3C2EE9E0E1A2 /* Pods-PGHJapp-PGHJappUITests.release.xcconfig */ = {isa = PBXFileReference; includeInIndex = 1; lastKnownFileType = text.xcconfig; name = "Pods-PGHJapp-PGHJappUITests.release.xcconfig"; path = "Target Support Files/Pods-PGHJapp-PGHJappUITests/Pods-PGHJapp-PGHJappUITests.release.xcconfig"; sourceTree = "<group>"; };
		DB4E8BAA77991859E20C2B91 /* Pods-PGHJappTests.release.xcconfig */ = {isa = PBXFileReference; includeInIndex = 1; lastKnownFileType = text.xcconfig; name = "Pods-PGHJappTests.release.xcconfig"; path = "Target Support Files/Pods-PGHJappTests/Pods-PGHJappTests.release.xcconfig"; sourceTree = "<group>"; };
		F01C6C38D583A04C7AF03416 /* Pods-PGHJapp.debug.xcconfig */ = {isa = PBXFileReference; includeInIndex = 1; lastKnownFileType = text.xcconfig; name = "Pods-PGHJapp.debug.xcconfig"; path = "Target Support Files/Pods-PGHJapp/Pods-PGHJapp.debug.xcconfig"; sourceTree = "<group>"; };
		F15BA8D7EC04512864D605F5 /* Pods_PGHJapp_PGHJappUITests.framework */ = {isa = PBXFileReference; explicitFileType = wrapper.framework; includeInIndex = 0; path = Pods_PGHJapp_PGHJappUITests.framework; sourceTree = BUILT_PRODUCTS_DIR; };
/* End PBXFileReference section */

/* Begin PBXFrameworksBuildPhase section */
		76F4180226F1C51100D677D6 /* Frameworks */ = {
			isa = PBXFrameworksBuildPhase;
			buildActionMask = 2147483647;
			files = (
				0AD89C16B760AD1748B3168E /* Pods_PGHJapp.framework in Frameworks */,
			);
			runOnlyForDeploymentPostprocessing = 0;
		};
		76F4181826F1C51300D677D6 /* Frameworks */ = {
			isa = PBXFrameworksBuildPhase;
			buildActionMask = 2147483647;
			files = (
				DD7993E1299D8768B49819ED /* Pods_PGHJappTests.framework in Frameworks */,
			);
			runOnlyForDeploymentPostprocessing = 0;
		};
		76F4182326F1C51300D677D6 /* Frameworks */ = {
			isa = PBXFrameworksBuildPhase;
			buildActionMask = 2147483647;
			files = (
				0B40DF0F73123A1BA42D23C2 /* Pods_PGHJapp_PGHJappUITests.framework in Frameworks */,
			);
			runOnlyForDeploymentPostprocessing = 0;
		};
/* End PBXFrameworksBuildPhase section */

/* Begin PBXGroup section */
		0D2BCDC973A0B6AE2BBEFB2D /* Pods */ = {
			isa = PBXGroup;
			children = (
				F01C6C38D583A04C7AF03416 /* Pods-PGHJapp.debug.xcconfig */,
				B09CE0F27BE8B730E3D85581 /* Pods-PGHJapp.release.xcconfig */,
				3DB16B5B9E34244017FF418E /* Pods-PGHJapp-PGHJappUITests.debug.xcconfig */,
				BB031D85220C3C2EE9E0E1A2 /* Pods-PGHJapp-PGHJappUITests.release.xcconfig */,
				785F3C9AA30242E33DE48DEA /* Pods-PGHJappTests.debug.xcconfig */,
				DB4E8BAA77991859E20C2B91 /* Pods-PGHJappTests.release.xcconfig */,
			);
			path = Pods;
			sourceTree = "<group>";
		};
		4660E196FC92DAD80570DA05 /* Frameworks */ = {
			isa = PBXGroup;
			children = (
				182855DD60E852F986B95628 /* Pods_PGHJapp.framework */,
				F15BA8D7EC04512864D605F5 /* Pods_PGHJapp_PGHJappUITests.framework */,
				4469EC1A1C224F6E4DFD6EEF /* Pods_PGHJappTests.framework */,
			);
			name = Frameworks;
			sourceTree = "<group>";
		};
		761FD8B1273C469B00C845D1 /* Supporting files */ = {
			isa = PBXGroup;
			children = (
				76F4180826F1C51200D677D6 /* AppDelegate.swift */,
				76F4180A26F1C51200D677D6 /* SceneDelegate.swift */,
				76BE1D7C274F250400E38C5B /* UITextFieldExtension.swift */,
				76AD3EF6275219AC001DBAC0 /* UIImageViewExtension.swift */,
			);
			path = "Supporting files";
			sourceTree = "<group>";
		};
		761FD8B2273C472200C845D1 /* Lecture */ = {
			isa = PBXGroup;
			children = (
				769CA1872713EF3B001D79E4 /* LanguageType.swift */,
				76A43AC82701FF3E0064072D /* LectureData.swift */,
				764F6B8E273CD8EF004E81AE /* Font.swift */,
				764F6B90273CD917004E81AE /* Sentence.swift */,
				764F6B92273CD937004E81AE /* Item.swift */,
				764F6B94273CD955004E81AE /* Lecture.swift */,
				764F6B96273CD984004E81AE /* Coordinate.swift */,
				764F6B98273CD99F004E81AE /* Size.swift */,
				764F6B9A273CDA72004E81AE /* Text.swift */,
			);
			path = Lecture;
			sourceTree = "<group>";
		};
		761FD8B3273C473F00C845D1 /* Material */ = {
			isa = PBXGroup;
			children = (
				763EFB662711AA560071C22D /* MaterialInfo.swift */,
				764F6B8C273CD8A3004E81AE /* Material.swift */,
			);
			path = Material;
			sourceTree = "<group>";
		};
		761FD8B4273C476200C845D1 /* User */ = {
			isa = PBXGroup;
			children = (
				76E4099226FB0027006A807F /* SigninForm.swift */,
				76C83599270A055600BC5733 /* SignupForm.swift */,
				76C8359C270A66E500BC5733 /* Token.swift */,
				76AD3EF02751FFFE001DBAC0 /* RefreshToken.swift */,
				76AD3EF227520174001DBAC0 /* History.swift */,
			);
			path = User;
			sourceTree = "<group>";
		};
		764F6B9E273CDAA5004E81AE /* Image */ = {
			isa = PBXGroup;
			children = (
				76A6E147270FCC9300FC5080 /* uploadData.swift */,
				764F6B9C273CDA8E004E81AE /* Image.swift */,
			);
			path = Image;
			sourceTree = "<group>";
		};
		7688946426F4215500B204C9 /* Data */ = {
			isa = PBXGroup;
			children = (
				7688946526F4215D00B204C9 /* Network */,
			);
			path = Data;
			sourceTree = "<group>";
		};
		7688946526F4215D00B204C9 /* Network */ = {
			isa = PBXGroup;
			children = (
				7688946626F4216900B204C9 /* APIRouter.swift */,
				7688946826F429C900B204C9 /* APIClient.swift */,
				76E4099926FB9DE5006A807F /* APIConstants.swift */,
				76BE1D7E274F2F2D00E38C5B /* NetworkManager.swift */,
			);
			path = Network;
			sourceTree = "<group>";
		};
		76BE1D7B274F19BB00E38C5B /* View */ = {
			isa = PBXGroup;
			children = (
			);
			path = View;
			sourceTree = "<group>";
		};
		76C835982709FA6A00BC5733 /* Lecture */ = {
			isa = PBXGroup;
			children = (
				76F4180C26F1C51200D677D6 /* HomeViewController.swift */,
				76A43AC527012B660064072D /* EditViewController.swift */,
				76A2CA3C270AEE8C00C882FA /* DownloadViewController.swift */,
				763EFB6227118D130071C22D /* LectureViewController.swift */,
				769CA1852713E7A0001D79E4 /* LoadingViewController.swift */,
				76B5D3AB27141D090010210E /* ImageButton.swift */,
				76B5D3AD27141D620010210E /* TemplateViewController.swift */,
				769B912E2714AE8A0027DDE4 /* FontViewController.swift */,
			);
			path = Lecture;
			sourceTree = "<group>";
		};
		76E4098C26FAF87E006A807F /* Presentation */ = {
			isa = PBXGroup;
			children = (
				76BE1D7B274F19BB00E38C5B /* View */,
				76F4180E26F1C51200D677D6 /* Main.storyboard */,
				76F4181326F1C51200D677D6 /* LaunchScreen.storyboard */,
				76C835982709FA6A00BC5733 /* Lecture */,
				76E4098D26FAF885006A807F /* User */,
			);
			path = Presentation;
			sourceTree = "<group>";
		};
		76E4098D26FAF885006A807F /* User */ = {
			isa = PBXGroup;
			children = (
				76E4098E26FAF8A3006A807F /* SigninViewController.swift */,
				76A2CA3E270B10E900C882FA /* SignupViewController.swift */,
				769603BA274F548200B41F27 /* InitialViewController.swift */,
				769603BC274F6AE300B41F27 /* SigninSuccessViewController.swift */,
				762DCB4227505F2C00C1D53E /* MyPageViewController.swift */,
				76AD3EF427520721001DBAC0 /* HistoryViewController.swift */,
			);
			path = User;
			sourceTree = "<group>";
		};
		76E4099026FAFFE0006A807F /* Domain */ = {
			isa = PBXGroup;
			children = (
				76E4099126FAFFE7006A807F /* Entity */,
			);
			path = Domain;
			sourceTree = "<group>";
		};
		76E4099126FAFFE7006A807F /* Entity */ = {
			isa = PBXGroup;
			children = (
				764F6B9E273CDAA5004E81AE /* Image */,
				761FD8B4273C476200C845D1 /* User */,
				761FD8B3273C473F00C845D1 /* Material */,
				761FD8B2273C472200C845D1 /* Lecture */,
				763EFB642711A03F0071C22D /* SendDataDelegate.swift */,
			);
			path = Entity;
			sourceTree = "<group>";
		};
		76F417FC26F1C51100D677D6 = {
			isa = PBXGroup;
			children = (
				76F4180726F1C51200D677D6 /* PGHJapp */,
				76F4181E26F1C51300D677D6 /* PGHJappTests */,
				76F4182926F1C51300D677D6 /* PGHJappUITests */,
				76F4180626F1C51200D677D6 /* Products */,
				0D2BCDC973A0B6AE2BBEFB2D /* Pods */,
				4660E196FC92DAD80570DA05 /* Frameworks */,
			);
			sourceTree = "<group>";
		};
		76F4180626F1C51200D677D6 /* Products */ = {
			isa = PBXGroup;
			children = (
				76F4180526F1C51200D677D6 /* PGHJapp.app */,
				76F4181B26F1C51300D677D6 /* PGHJappTests.xctest */,
				76F4182626F1C51300D677D6 /* PGHJappUITests.xctest */,
			);
			name = Products;
			sourceTree = "<group>";
		};
		76F4180726F1C51200D677D6 /* PGHJapp */ = {
			isa = PBXGroup;
			children = (
				761FD8B1273C469B00C845D1 /* Supporting files */,
				76E4099026FAFFE0006A807F /* Domain */,
				76E4098C26FAF87E006A807F /* Presentation */,
				7688946426F4215500B204C9 /* Data */,
				76F4181126F1C51200D677D6 /* Assets.xcassets */,
				76F4181626F1C51200D677D6 /* Info.plist */,
			);
			path = PGHJapp;
			sourceTree = "<group>";
		};
		76F4181E26F1C51300D677D6 /* PGHJappTests */ = {
			isa = PBXGroup;
			children = (
				76F4181F26F1C51300D677D6 /* PGHJappTests.swift */,
				76F4182126F1C51300D677D6 /* Info.plist */,
			);
			path = PGHJappTests;
			sourceTree = "<group>";
		};
		76F4182926F1C51300D677D6 /* PGHJappUITests */ = {
			isa = PBXGroup;
			children = (
				76F4182A26F1C51300D677D6 /* PGHJappUITests.swift */,
				76F4182C26F1C51300D677D6 /* Info.plist */,
			);
			path = PGHJappUITests;
			sourceTree = "<group>";
		};
/* End PBXGroup section */

/* Begin PBXNativeTarget section */
		76F4180426F1C51100D677D6 /* PGHJapp */ = {
			isa = PBXNativeTarget;
			buildConfigurationList = 76F4182F26F1C51300D677D6 /* Build configuration list for PBXNativeTarget "PGHJapp" */;
			buildPhases = (
				C1967E3C8DF41018B391A044 /* [CP] Check Pods Manifest.lock */,
				76F4180126F1C51100D677D6 /* Sources */,
				76F4180226F1C51100D677D6 /* Frameworks */,
				76F4180326F1C51100D677D6 /* Resources */,
				D40ECA61CF175CD2CAB1395E /* [CP] Embed Pods Frameworks */,
			);
			buildRules = (
			);
			dependencies = (
			);
			name = PGHJapp;
			productName = PGHJapp;
			productReference = 76F4180526F1C51200D677D6 /* PGHJapp.app */;
			productType = "com.apple.product-type.application";
		};
		76F4181A26F1C51300D677D6 /* PGHJappTests */ = {
			isa = PBXNativeTarget;
			buildConfigurationList = 76F4183226F1C51300D677D6 /* Build configuration list for PBXNativeTarget "PGHJappTests" */;
			buildPhases = (
				BF7AD0FE52E28A9CFDA25F39 /* [CP] Check Pods Manifest.lock */,
				76F4181726F1C51300D677D6 /* Sources */,
				76F4181826F1C51300D677D6 /* Frameworks */,
				76F4181926F1C51300D677D6 /* Resources */,
			);
			buildRules = (
			);
			dependencies = (
				76F4181D26F1C51300D677D6 /* PBXTargetDependency */,
			);
			name = PGHJappTests;
			productName = PGHJappTests;
			productReference = 76F4181B26F1C51300D677D6 /* PGHJappTests.xctest */;
			productType = "com.apple.product-type.bundle.unit-test";
		};
		76F4182526F1C51300D677D6 /* PGHJappUITests */ = {
			isa = PBXNativeTarget;
			buildConfigurationList = 76F4183526F1C51300D677D6 /* Build configuration list for PBXNativeTarget "PGHJappUITests" */;
			buildPhases = (
				17FE2DF0F770F4D182D49006 /* [CP] Check Pods Manifest.lock */,
				76F4182226F1C51300D677D6 /* Sources */,
				76F4182326F1C51300D677D6 /* Frameworks */,
				76F4182426F1C51300D677D6 /* Resources */,
				16413C2D5BC6DF32F4D285C9 /* [CP] Embed Pods Frameworks */,
			);
			buildRules = (
			);
			dependencies = (
				76F4182826F1C51300D677D6 /* PBXTargetDependency */,
			);
			name = PGHJappUITests;
			productName = PGHJappUITests;
			productReference = 76F4182626F1C51300D677D6 /* PGHJappUITests.xctest */;
			productType = "com.apple.product-type.bundle.ui-testing";
		};
/* End PBXNativeTarget section */

/* Begin PBXProject section */
		76F417FD26F1C51100D677D6 /* Project object */ = {
			isa = PBXProject;
			attributes = {
				LastSwiftUpdateCheck = 1250;
				LastUpgradeCheck = 1250;
				TargetAttributes = {
					76F4180426F1C51100D677D6 = {
						CreatedOnToolsVersion = 12.5.1;
					};
					76F4181A26F1C51300D677D6 = {
						CreatedOnToolsVersion = 12.5.1;
						TestTargetID = 76F4180426F1C51100D677D6;
					};
					76F4182526F1C51300D677D6 = {
						CreatedOnToolsVersion = 12.5.1;
						TestTargetID = 76F4180426F1C51100D677D6;
					};
				};
			};
			buildConfigurationList = 76F4180026F1C51100D677D6 /* Build configuration list for PBXProject "PGHJapp" */;
			compatibilityVersion = "Xcode 9.3";
			developmentRegion = en;
			hasScannedForEncodings = 0;
			knownRegions = (
				en,
				Base,
			);
			mainGroup = 76F417FC26F1C51100D677D6;
			productRefGroup = 76F4180626F1C51200D677D6 /* Products */;
			projectDirPath = "";
			projectRoot = "";
			targets = (
				76F4180426F1C51100D677D6 /* PGHJapp */,
				76F4181A26F1C51300D677D6 /* PGHJappTests */,
				76F4182526F1C51300D677D6 /* PGHJappUITests */,
			);
		};
/* End PBXProject section */

/* Begin PBXResourcesBuildPhase section */
		76F4180326F1C51100D677D6 /* Resources */ = {
			isa = PBXResourcesBuildPhase;
			buildActionMask = 2147483647;
			files = (
				76F4181526F1C51200D677D6 /* LaunchScreen.storyboard in Resources */,
				76F4181226F1C51200D677D6 /* Assets.xcassets in Resources */,
				76F4181026F1C51200D677D6 /* Main.storyboard in Resources */,
			);
			runOnlyForDeploymentPostprocessing = 0;
		};
		76F4181926F1C51300D677D6 /* Resources */ = {
			isa = PBXResourcesBuildPhase;
			buildActionMask = 2147483647;
			files = (
			);
			runOnlyForDeploymentPostprocessing = 0;
		};
		76F4182426F1C51300D677D6 /* Resources */ = {
			isa = PBXResourcesBuildPhase;
			buildActionMask = 2147483647;
			files = (
			);
			runOnlyForDeploymentPostprocessing = 0;
		};
/* End PBXResourcesBuildPhase section */

/* Begin PBXShellScriptBuildPhase section */
		16413C2D5BC6DF32F4D285C9 /* [CP] Embed Pods Frameworks */ = {
			isa = PBXShellScriptBuildPhase;
			buildActionMask = 2147483647;
			files = (
			);
			inputFileListPaths = (
				"${PODS_ROOT}/Target Support Files/Pods-PGHJapp-PGHJappUITests/Pods-PGHJapp-PGHJappUITests-frameworks-${CONFIGURATION}-input-files.xcfilelist",
			);
			name = "[CP] Embed Pods Frameworks";
			outputFileListPaths = (
				"${PODS_ROOT}/Target Support Files/Pods-PGHJapp-PGHJappUITests/Pods-PGHJapp-PGHJappUITests-frameworks-${CONFIGURATION}-output-files.xcfilelist",
			);
			runOnlyForDeploymentPostprocessing = 0;
			shellPath = /bin/sh;
			shellScript = "\"${PODS_ROOT}/Target Support Files/Pods-PGHJapp-PGHJappUITests/Pods-PGHJapp-PGHJappUITests-frameworks.sh\"\n";
			showEnvVarsInLog = 0;
		};
		17FE2DF0F770F4D182D49006 /* [CP] Check Pods Manifest.lock */ = {
			isa = PBXShellScriptBuildPhase;
			buildActionMask = 2147483647;
			files = (
			);
			inputFileListPaths = (
			);
			inputPaths = (
				"${PODS_PODFILE_DIR_PATH}/Podfile.lock",
				"${PODS_ROOT}/Manifest.lock",
			);
			name = "[CP] Check Pods Manifest.lock";
			outputFileListPaths = (
			);
			outputPaths = (
				"$(DERIVED_FILE_DIR)/Pods-PGHJapp-PGHJappUITests-checkManifestLockResult.txt",
			);
			runOnlyForDeploymentPostprocessing = 0;
			shellPath = /bin/sh;
			shellScript = "diff \"${PODS_PODFILE_DIR_PATH}/Podfile.lock\" \"${PODS_ROOT}/Manifest.lock\" > /dev/null\nif [ $? != 0 ] ; then\n    # print error to STDERR\n    echo \"error: The sandbox is not in sync with the Podfile.lock. Run 'pod install' or update your CocoaPods installation.\" >&2\n    exit 1\nfi\n# This output is used by Xcode 'outputs' to avoid re-running this script phase.\necho \"SUCCESS\" > \"${SCRIPT_OUTPUT_FILE_0}\"\n";
			showEnvVarsInLog = 0;
		};
		BF7AD0FE52E28A9CFDA25F39 /* [CP] Check Pods Manifest.lock */ = {
			isa = PBXShellScriptBuildPhase;
			buildActionMask = 2147483647;
			files = (
			);
			inputFileListPaths = (
			);
			inputPaths = (
				"${PODS_PODFILE_DIR_PATH}/Podfile.lock",
				"${PODS_ROOT}/Manifest.lock",
			);
			name = "[CP] Check Pods Manifest.lock";
			outputFileListPaths = (
			);
			outputPaths = (
				"$(DERIVED_FILE_DIR)/Pods-PGHJappTests-checkManifestLockResult.txt",
			);
			runOnlyForDeploymentPostprocessing = 0;
			shellPath = /bin/sh;
			shellScript = "diff \"${PODS_PODFILE_DIR_PATH}/Podfile.lock\" \"${PODS_ROOT}/Manifest.lock\" > /dev/null\nif [ $? != 0 ] ; then\n    # print error to STDERR\n    echo \"error: The sandbox is not in sync with the Podfile.lock. Run 'pod install' or update your CocoaPods installation.\" >&2\n    exit 1\nfi\n# This output is used by Xcode 'outputs' to avoid re-running this script phase.\necho \"SUCCESS\" > \"${SCRIPT_OUTPUT_FILE_0}\"\n";
			showEnvVarsInLog = 0;
		};
		C1967E3C8DF41018B391A044 /* [CP] Check Pods Manifest.lock */ = {
			isa = PBXShellScriptBuildPhase;
			buildActionMask = 2147483647;
			files = (
			);
			inputFileListPaths = (
			);
			inputPaths = (
				"${PODS_PODFILE_DIR_PATH}/Podfile.lock",
				"${PODS_ROOT}/Manifest.lock",
			);
			name = "[CP] Check Pods Manifest.lock";
			outputFileListPaths = (
			);
			outputPaths = (
				"$(DERIVED_FILE_DIR)/Pods-PGHJapp-checkManifestLockResult.txt",
			);
			runOnlyForDeploymentPostprocessing = 0;
			shellPath = /bin/sh;
			shellScript = "diff \"${PODS_PODFILE_DIR_PATH}/Podfile.lock\" \"${PODS_ROOT}/Manifest.lock\" > /dev/null\nif [ $? != 0 ] ; then\n    # print error to STDERR\n    echo \"error: The sandbox is not in sync with the Podfile.lock. Run 'pod install' or update your CocoaPods installation.\" >&2\n    exit 1\nfi\n# This output is used by Xcode 'outputs' to avoid re-running this script phase.\necho \"SUCCESS\" > \"${SCRIPT_OUTPUT_FILE_0}\"\n";
			showEnvVarsInLog = 0;
		};
		D40ECA61CF175CD2CAB1395E /* [CP] Embed Pods Frameworks */ = {
			isa = PBXShellScriptBuildPhase;
			buildActionMask = 2147483647;
			files = (
			);
			inputFileListPaths = (
				"${PODS_ROOT}/Target Support Files/Pods-PGHJapp/Pods-PGHJapp-frameworks-${CONFIGURATION}-input-files.xcfilelist",
			);
			name = "[CP] Embed Pods Frameworks";
			outputFileListPaths = (
				"${PODS_ROOT}/Target Support Files/Pods-PGHJapp/Pods-PGHJapp-frameworks-${CONFIGURATION}-output-files.xcfilelist",
			);
			runOnlyForDeploymentPostprocessing = 0;
			shellPath = /bin/sh;
			shellScript = "\"${PODS_ROOT}/Target Support Files/Pods-PGHJapp/Pods-PGHJapp-frameworks.sh\"\n";
			showEnvVarsInLog = 0;
		};
/* End PBXShellScriptBuildPhase section */

/* Begin PBXSourcesBuildPhase section */
		76F4180126F1C51100D677D6 /* Sources */ = {
			isa = PBXSourcesBuildPhase;
			buildActionMask = 2147483647;
			files = (
				764F6B91273CD917004E81AE /* Sentence.swift in Sources */,
				763EFB652711A03F0071C22D /* SendDataDelegate.swift in Sources */,
				769B912F2714AE8A0027DDE4 /* FontViewController.swift in Sources */,
				76E4098F26FAF8A3006A807F /* SigninViewController.swift in Sources */,
				76F4180D26F1C51200D677D6 /* HomeViewController.swift in Sources */,
				76F4180926F1C51200D677D6 /* AppDelegate.swift in Sources */,
				763EFB6327118D130071C22D /* LectureViewController.swift in Sources */,
				76C8359A270A055600BC5733 /* SignupForm.swift in Sources */,
				76B5D3AE27141D620010210E /* TemplateViewController.swift in Sources */,
				7688946926F429C900B204C9 /* APIClient.swift in Sources */,
				76BE1D7F274F2F2D00E38C5B /* NetworkManager.swift in Sources */,
				764F6B93273CD937004E81AE /* Item.swift in Sources */,
				764F6B95273CD955004E81AE /* Lecture.swift in Sources */,
				769CA1882713EF3B001D79E4 /* LanguageType.swift in Sources */,
				764F6B9D273CDA8E004E81AE /* Image.swift in Sources */,
				769603BB274F548200B41F27 /* InitialViewController.swift in Sources */,
				76E4099A26FB9DE5006A807F /* APIConstants.swift in Sources */,
				76C8359D270A66E500BC5733 /* Token.swift in Sources */,
				76BE1D7D274F250400E38C5B /* UITextFieldExtension.swift in Sources */,
				76A43AC92701FF3E0064072D /* LectureData.swift in Sources */,
				7688946726F4216900B204C9 /* APIRouter.swift in Sources */,
				76AD3EF7275219AC001DBAC0 /* UIImageViewExtension.swift in Sources */,
				764F6B97273CD984004E81AE /* Coordinate.swift in Sources */,
				764F6B8F273CD8EF004E81AE /* Font.swift in Sources */,
				76AD3EF527520721001DBAC0 /* HistoryViewController.swift in Sources */,
				76A2CA3F270B10E900C882FA /* SignupViewController.swift in Sources */,
				764F6B99273CD99F004E81AE /* Size.swift in Sources */,
				762DCB4327505F2D00C1D53E /* MyPageViewController.swift in Sources */,
				76F4180B26F1C51200D677D6 /* SceneDelegate.swift in Sources */,
				764F6B8D273CD8A3004E81AE /* Material.swift in Sources */,
				76E4099326FB0027006A807F /* SigninForm.swift in Sources */,
				76AD3EF12751FFFE001DBAC0 /* RefreshToken.swift in Sources */,
				769603BD274F6AE300B41F27 /* SigninSuccessViewController.swift in Sources */,
				76A6E148270FCC9300FC5080 /* uploadData.swift in Sources */,
				764F6B9B273CDA72004E81AE /* Text.swift in Sources */,
				76B5D3AC27141D090010210E /* ImageButton.swift in Sources */,
				76A2CA3D270AEE8C00C882FA /* DownloadViewController.swift in Sources */,
				769CA1862713E7A0001D79E4 /* LoadingViewController.swift in Sources */,
				76AD3EF327520174001DBAC0 /* History.swift in Sources */,
				763EFB672711AA560071C22D /* MaterialInfo.swift in Sources */,
				76A43AC627012B660064072D /* EditViewController.swift in Sources */,
			);
			runOnlyForDeploymentPostprocessing = 0;
		};
		76F4181726F1C51300D677D6 /* Sources */ = {
			isa = PBXSourcesBuildPhase;
			buildActionMask = 2147483647;
			files = (
				76F4182026F1C51300D677D6 /* PGHJappTests.swift in Sources */,
			);
			runOnlyForDeploymentPostprocessing = 0;
		};
		76F4182226F1C51300D677D6 /* Sources */ = {
			isa = PBXSourcesBuildPhase;
			buildActionMask = 2147483647;
			files = (
				76F4182B26F1C51300D677D6 /* PGHJappUITests.swift in Sources */,
			);
			runOnlyForDeploymentPostprocessing = 0;
		};
/* End PBXSourcesBuildPhase section */

/* Begin PBXTargetDependency section */
		76F4181D26F1C51300D677D6 /* PBXTargetDependency */ = {
			isa = PBXTargetDependency;
			target = 76F4180426F1C51100D677D6 /* PGHJapp */;
			targetProxy = 76F4181C26F1C51300D677D6 /* PBXContainerItemProxy */;
		};
		76F4182826F1C51300D677D6 /* PBXTargetDependency */ = {
			isa = PBXTargetDependency;
			target = 76F4180426F1C51100D677D6 /* PGHJapp */;
			targetProxy = 76F4182726F1C51300D677D6 /* PBXContainerItemProxy */;
		};
/* End PBXTargetDependency section */

/* Begin PBXVariantGroup section */
		76F4180E26F1C51200D677D6 /* Main.storyboard */ = {
			isa = PBXVariantGroup;
			children = (
				76F4180F26F1C51200D677D6 /* Base */,
			);
			name = Main.storyboard;
			sourceTree = "<group>";
		};
		76F4181326F1C51200D677D6 /* LaunchScreen.storyboard */ = {
			isa = PBXVariantGroup;
			children = (
				76F4181426F1C51200D677D6 /* Base */,
			);
			name = LaunchScreen.storyboard;
			sourceTree = "<group>";
		};
/* End PBXVariantGroup section */

/* Begin XCBuildConfiguration section */
		76F4182D26F1C51300D677D6 /* Debug */ = {
			isa = XCBuildConfiguration;
			buildSettings = {
				ALWAYS_SEARCH_USER_PATHS = NO;
				CLANG_ANALYZER_NONNULL = YES;
				CLANG_ANALYZER_NUMBER_OBJECT_CONVERSION = YES_AGGRESSIVE;
				CLANG_CXX_LANGUAGE_STANDARD = "gnu++14";
				CLANG_CXX_LIBRARY = "libc++";
				CLANG_ENABLE_MODULES = YES;
				CLANG_ENABLE_OBJC_ARC = YES;
				CLANG_ENABLE_OBJC_WEAK = YES;
				CLANG_WARN_BLOCK_CAPTURE_AUTORELEASING = YES;
				CLANG_WARN_BOOL_CONVERSION = YES;
				CLANG_WARN_COMMA = YES;
				CLANG_WARN_CONSTANT_CONVERSION = YES;
				CLANG_WARN_DEPRECATED_OBJC_IMPLEMENTATIONS = YES;
				CLANG_WARN_DIRECT_OBJC_ISA_USAGE = YES_ERROR;
				CLANG_WARN_DOCUMENTATION_COMMENTS = YES;
				CLANG_WARN_EMPTY_BODY = YES;
				CLANG_WARN_ENUM_CONVERSION = YES;
				CLANG_WARN_INFINITE_RECURSION = YES;
				CLANG_WARN_INT_CONVERSION = YES;
				CLANG_WARN_NON_LITERAL_NULL_CONVERSION = YES;
				CLANG_WARN_OBJC_IMPLICIT_RETAIN_SELF = YES;
				CLANG_WARN_OBJC_LITERAL_CONVERSION = YES;
				CLANG_WARN_OBJC_ROOT_CLASS = YES_ERROR;
				CLANG_WARN_QUOTED_INCLUDE_IN_FRAMEWORK_HEADER = YES;
				CLANG_WARN_RANGE_LOOP_ANALYSIS = YES;
				CLANG_WARN_STRICT_PROTOTYPES = YES;
				CLANG_WARN_SUSPICIOUS_MOVE = YES;
				CLANG_WARN_UNGUARDED_AVAILABILITY = YES_AGGRESSIVE;
				CLANG_WARN_UNREACHABLE_CODE = YES;
				CLANG_WARN__DUPLICATE_METHOD_MATCH = YES;
				COPY_PHASE_STRIP = NO;
				DEBUG_INFORMATION_FORMAT = dwarf;
				ENABLE_STRICT_OBJC_MSGSEND = YES;
				ENABLE_TESTABILITY = YES;
				GCC_C_LANGUAGE_STANDARD = gnu11;
				GCC_DYNAMIC_NO_PIC = NO;
				GCC_NO_COMMON_BLOCKS = YES;
				GCC_OPTIMIZATION_LEVEL = 0;
				GCC_PREPROCESSOR_DEFINITIONS = (
					"DEBUG=1",
					"$(inherited)",
				);
				GCC_WARN_64_TO_32_BIT_CONVERSION = YES;
				GCC_WARN_ABOUT_RETURN_TYPE = YES_ERROR;
				GCC_WARN_UNDECLARED_SELECTOR = YES;
				GCC_WARN_UNINITIALIZED_AUTOS = YES_AGGRESSIVE;
				GCC_WARN_UNUSED_FUNCTION = YES;
				GCC_WARN_UNUSED_VARIABLE = YES;
				IPHONEOS_DEPLOYMENT_TARGET = 14.5;
				MTL_ENABLE_DEBUG_INFO = INCLUDE_SOURCE;
				MTL_FAST_MATH = YES;
				ONLY_ACTIVE_ARCH = YES;
				SDKROOT = iphoneos;
				SWIFT_ACTIVE_COMPILATION_CONDITIONS = DEBUG;
				SWIFT_OPTIMIZATION_LEVEL = "-Onone";
			};
			name = Debug;
		};
		76F4182E26F1C51300D677D6 /* Release */ = {
			isa = XCBuildConfiguration;
			buildSettings = {
				ALWAYS_SEARCH_USER_PATHS = NO;
				CLANG_ANALYZER_NONNULL = YES;
				CLANG_ANALYZER_NUMBER_OBJECT_CONVERSION = YES_AGGRESSIVE;
				CLANG_CXX_LANGUAGE_STANDARD = "gnu++14";
				CLANG_CXX_LIBRARY = "libc++";
				CLANG_ENABLE_MODULES = YES;
				CLANG_ENABLE_OBJC_ARC = YES;
				CLANG_ENABLE_OBJC_WEAK = YES;
				CLANG_WARN_BLOCK_CAPTURE_AUTORELEASING = YES;
				CLANG_WARN_BOOL_CONVERSION = YES;
				CLANG_WARN_COMMA = YES;
				CLANG_WARN_CONSTANT_CONVERSION = YES;
				CLANG_WARN_DEPRECATED_OBJC_IMPLEMENTATIONS = YES;
				CLANG_WARN_DIRECT_OBJC_ISA_USAGE = YES_ERROR;
				CLANG_WARN_DOCUMENTATION_COMMENTS = YES;
				CLANG_WARN_EMPTY_BODY = YES;
				CLANG_WARN_ENUM_CONVERSION = YES;
				CLANG_WARN_INFINITE_RECURSION = YES;
				CLANG_WARN_INT_CONVERSION = YES;
				CLANG_WARN_NON_LITERAL_NULL_CONVERSION = YES;
				CLANG_WARN_OBJC_IMPLICIT_RETAIN_SELF = YES;
				CLANG_WARN_OBJC_LITERAL_CONVERSION = YES;
				CLANG_WARN_OBJC_ROOT_CLASS = YES_ERROR;
				CLANG_WARN_QUOTED_INCLUDE_IN_FRAMEWORK_HEADER = YES;
				CLANG_WARN_RANGE_LOOP_ANALYSIS = YES;
				CLANG_WARN_STRICT_PROTOTYPES = YES;
				CLANG_WARN_SUSPICIOUS_MOVE = YES;
				CLANG_WARN_UNGUARDED_AVAILABILITY = YES_AGGRESSIVE;
				CLANG_WARN_UNREACHABLE_CODE = YES;
				CLANG_WARN__DUPLICATE_METHOD_MATCH = YES;
				COPY_PHASE_STRIP = NO;
				DEBUG_INFORMATION_FORMAT = "dwarf-with-dsym";
				ENABLE_NS_ASSERTIONS = NO;
				ENABLE_STRICT_OBJC_MSGSEND = YES;
				GCC_C_LANGUAGE_STANDARD = gnu11;
				GCC_NO_COMMON_BLOCKS = YES;
				GCC_WARN_64_TO_32_BIT_CONVERSION = YES;
				GCC_WARN_ABOUT_RETURN_TYPE = YES_ERROR;
				GCC_WARN_UNDECLARED_SELECTOR = YES;
				GCC_WARN_UNINITIALIZED_AUTOS = YES_AGGRESSIVE;
				GCC_WARN_UNUSED_FUNCTION = YES;
				GCC_WARN_UNUSED_VARIABLE = YES;
				IPHONEOS_DEPLOYMENT_TARGET = 14.5;
				MTL_ENABLE_DEBUG_INFO = NO;
				MTL_FAST_MATH = YES;
				SDKROOT = iphoneos;
				SWIFT_COMPILATION_MODE = wholemodule;
				SWIFT_OPTIMIZATION_LEVEL = "-O";
				VALIDATE_PRODUCT = YES;
			};
			name = Release;
		};
		76F4183026F1C51300D677D6 /* Debug */ = {
			isa = XCBuildConfiguration;
			baseConfigurationReference = F01C6C38D583A04C7AF03416 /* Pods-PGHJapp.debug.xcconfig */;
			buildSettings = {
				ASSETCATALOG_COMPILER_APPICON_NAME = AppIcon;
				ASSETCATALOG_COMPILER_GLOBAL_ACCENT_COLOR_NAME = AccentColor;
				CODE_SIGN_STYLE = Automatic;
				DEVELOPMENT_TEAM = 7A464AFW63;
				INFOPLIST_FILE = PGHJapp/Info.plist;
				LD_RUNPATH_SEARCH_PATHS = (
					"$(inherited)",
					"@executable_path/Frameworks",
				);
				PRODUCT_BUNDLE_IDENTIFIER = co.codesquad.PGHJapp;
				PRODUCT_NAME = "$(TARGET_NAME)";
				SWIFT_VERSION = 5.0;
				TARGETED_DEVICE_FAMILY = "1,2";
			};
			name = Debug;
		};
		76F4183126F1C51300D677D6 /* Release */ = {
			isa = XCBuildConfiguration;
			baseConfigurationReference = B09CE0F27BE8B730E3D85581 /* Pods-PGHJapp.release.xcconfig */;
			buildSettings = {
				ASSETCATALOG_COMPILER_APPICON_NAME = AppIcon;
				ASSETCATALOG_COMPILER_GLOBAL_ACCENT_COLOR_NAME = AccentColor;
				CODE_SIGN_STYLE = Automatic;
				DEVELOPMENT_TEAM = 7A464AFW63;
				INFOPLIST_FILE = PGHJapp/Info.plist;
				LD_RUNPATH_SEARCH_PATHS = (
					"$(inherited)",
					"@executable_path/Frameworks",
				);
				PRODUCT_BUNDLE_IDENTIFIER = co.codesquad.PGHJapp;
				PRODUCT_NAME = "$(TARGET_NAME)";
				SWIFT_VERSION = 5.0;
				TARGETED_DEVICE_FAMILY = "1,2";
			};
			name = Release;
		};
		76F4183326F1C51300D677D6 /* Debug */ = {
			isa = XCBuildConfiguration;
			baseConfigurationReference = 785F3C9AA30242E33DE48DEA /* Pods-PGHJappTests.debug.xcconfig */;
			buildSettings = {
				ALWAYS_EMBED_SWIFT_STANDARD_LIBRARIES = YES;
				BUNDLE_LOADER = "$(TEST_HOST)";
				CODE_SIGN_STYLE = Automatic;
				DEVELOPMENT_TEAM = 7A464AFW63;
				INFOPLIST_FILE = PGHJappTests/Info.plist;
				IPHONEOS_DEPLOYMENT_TARGET = 14.5;
				LD_RUNPATH_SEARCH_PATHS = (
					"$(inherited)",
					"@executable_path/Frameworks",
					"@loader_path/Frameworks",
				);
				PRODUCT_BUNDLE_IDENTIFIER = co.codesquad.PGHJappTests;
				PRODUCT_NAME = "$(TARGET_NAME)";
				SWIFT_VERSION = 5.0;
				TARGETED_DEVICE_FAMILY = "1,2";
				TEST_HOST = "$(BUILT_PRODUCTS_DIR)/PGHJapp.app/PGHJapp";
			};
			name = Debug;
		};
		76F4183426F1C51300D677D6 /* Release */ = {
			isa = XCBuildConfiguration;
			baseConfigurationReference = DB4E8BAA77991859E20C2B91 /* Pods-PGHJappTests.release.xcconfig */;
			buildSettings = {
				ALWAYS_EMBED_SWIFT_STANDARD_LIBRARIES = YES;
				BUNDLE_LOADER = "$(TEST_HOST)";
				CODE_SIGN_STYLE = Automatic;
				DEVELOPMENT_TEAM = 7A464AFW63;
				INFOPLIST_FILE = PGHJappTests/Info.plist;
				IPHONEOS_DEPLOYMENT_TARGET = 14.5;
				LD_RUNPATH_SEARCH_PATHS = (
					"$(inherited)",
					"@executable_path/Frameworks",
					"@loader_path/Frameworks",
				);
				PRODUCT_BUNDLE_IDENTIFIER = co.codesquad.PGHJappTests;
				PRODUCT_NAME = "$(TARGET_NAME)";
				SWIFT_VERSION = 5.0;
				TARGETED_DEVICE_FAMILY = "1,2";
				TEST_HOST = "$(BUILT_PRODUCTS_DIR)/PGHJapp.app/PGHJapp";
			};
			name = Release;
		};
		76F4183626F1C51300D677D6 /* Debug */ = {
			isa = XCBuildConfiguration;
			baseConfigurationReference = 3DB16B5B9E34244017FF418E /* Pods-PGHJapp-PGHJappUITests.debug.xcconfig */;
			buildSettings = {
				ALWAYS_EMBED_SWIFT_STANDARD_LIBRARIES = YES;
				CODE_SIGN_STYLE = Automatic;
				DEVELOPMENT_TEAM = 7A464AFW63;
				INFOPLIST_FILE = PGHJappUITests/Info.plist;
				LD_RUNPATH_SEARCH_PATHS = (
					"$(inherited)",
					"@executable_path/Frameworks",
					"@loader_path/Frameworks",
				);
				PRODUCT_BUNDLE_IDENTIFIER = co.codesquad.PGHJappUITests;
				PRODUCT_NAME = "$(TARGET_NAME)";
				SWIFT_VERSION = 5.0;
				TARGETED_DEVICE_FAMILY = "1,2";
				TEST_TARGET_NAME = PGHJapp;
			};
			name = Debug;
		};
		76F4183726F1C51300D677D6 /* Release */ = {
			isa = XCBuildConfiguration;
			baseConfigurationReference = BB031D85220C3C2EE9E0E1A2 /* Pods-PGHJapp-PGHJappUITests.release.xcconfig */;
			buildSettings = {
				ALWAYS_EMBED_SWIFT_STANDARD_LIBRARIES = YES;
				CODE_SIGN_STYLE = Automatic;
				DEVELOPMENT_TEAM = 7A464AFW63;
				INFOPLIST_FILE = PGHJappUITests/Info.plist;
				LD_RUNPATH_SEARCH_PATHS = (
					"$(inherited)",
					"@executable_path/Frameworks",
					"@loader_path/Frameworks",
				);
				PRODUCT_BUNDLE_IDENTIFIER = co.codesquad.PGHJappUITests;
				PRODUCT_NAME = "$(TARGET_NAME)";
				SWIFT_VERSION = 5.0;
				TARGETED_DEVICE_FAMILY = "1,2";
				TEST_TARGET_NAME = PGHJapp;
			};
			name = Release;
		};
/* End XCBuildConfiguration section */

/* Begin XCConfigurationList section */
		76F4180026F1C51100D677D6 /* Build configuration list for PBXProject "PGHJapp" */ = {
			isa = XCConfigurationList;
			buildConfigurations = (
				76F4182D26F1C51300D677D6 /* Debug */,
				76F4182E26F1C51300D677D6 /* Release */,
			);
			defaultConfigurationIsVisible = 0;
			defaultConfigurationName = Release;
		};
		76F4182F26F1C51300D677D6 /* Build configuration list for PBXNativeTarget "PGHJapp" */ = {
			isa = XCConfigurationList;
			buildConfigurations = (
				76F4183026F1C51300D677D6 /* Debug */,
				76F4183126F1C51300D677D6 /* Release */,
			);
			defaultConfigurationIsVisible = 0;
			defaultConfigurationName = Release;
		};
		76F4183226F1C51300D677D6 /* Build configuration list for PBXNativeTarget "PGHJappTests" */ = {
			isa = XCConfigurationList;
			buildConfigurations = (
				76F4183326F1C51300D677D6 /* Debug */,
				76F4183426F1C51300D677D6 /* Release */,
			);
			defaultConfigurationIsVisible = 0;
			defaultConfigurationName = Release;
		};
		76F4183526F1C51300D677D6 /* Build configuration list for PBXNativeTarget "PGHJappUITests" */ = {
			isa = XCConfigurationList;
			buildConfigurations = (
				76F4183626F1C51300D677D6 /* Debug */,
				76F4183726F1C51300D677D6 /* Release */,
			);
			defaultConfigurationIsVisible = 0;
			defaultConfigurationName = Release;
		};
/* End XCConfigurationList section */
	};
	rootObject = 76F417FD26F1C51100D677D6 /* Project object */;
}
