PODS:
  - Alamofire (5.4.3)
  - JLStickerTextView (0.1.2)
  - RxCocoa (6.2.0):
    - RxRelay (= 6.2.0)
    - RxSwift (= 6.2.0)
  - RxRelay (6.2.0):
    - RxSwift (= 6.2.0)
  - RxSwift (6.2.0)

DEPENDENCIES:
  - Alamofire
  - JLStickerTextView (from `https://github.com/Textcat/JLStickerTextView.git`)
  - RxCocoa
  - RxSwift

SPEC REPOS:
  trunk:
    - Alamofire
    - RxCocoa
    - RxRelay
    - RxSwift

EXTERNAL SOURCES:
  JLStickerTextView:
    :git: https://github.com/Textcat/JLStickerTextView.git

CHECKOUT OPTIONS:
  JLStickerTextView:
    :commit: 45becbfeb0aa0dc2721fc31d1f900de40e187e78
    :git: https://github.com/Textcat/JLStickerTextView.git

SPEC CHECKSUMS:
  Alamofire: e447a2774a40c996748296fa2c55112fdbbc42f9
  JLStickerTextView: 99158380c95dc5455568892beb81d0529f3a547d
  RxCocoa: 4baf94bb35f2c0ab31bc0cb9f1900155f646ba42
  RxRelay: e72dbfd157807478401ef1982e1c61c945c94b2f
  RxSwift: d356ab7bee873611322f134c5f9ef379fa183d8f

PODFILE CHECKSUM: 548132748ce174a14972c8f53f9dd49cd7f9884a

COCOAPODS: 1.11.2
