PODS:
  - Alamofire (5.4.3)
  - JLStickerTextView (0.1.2)

DEPENDENCIES:
  - Alamofire
  - JLStickerTextView (from `https://github.com/Textcat/JLStickerTextView.git`)

SPEC REPOS:
  trunk:
    - Alamofire

EXTERNAL SOURCES:
  JLStickerTextView:
    :git: https://github.com/Textcat/JLStickerTextView.git

CHECKOUT OPTIONS:
  JLStickerTextView:
    :commit: 45becbfeb0aa0dc2721fc31d1f900de40e187e78
    :git: https://github.com/Textcat/JLStickerTextView.git

SPEC CHECKSUMS:
  Alamofire: e447a2774a40c996748296fa2c55112fdbbc42f9
  JLStickerTextView: 99158380c95dc5455568892beb81d0529f3a547d

PODFILE CHECKSUM: 66421d2934e749eafb1fc447147656b284a12125

COCOAPODS: 1.10.1
